// !$*UTF8*$!
{
	archiveVersion = 1;
	classes = {
	};
	objectVersion = 50;
	objects = {

/* Begin PBXBuildFile section */
		28452E7D24E0BF6B001A1E8F /* AppDelegate.swift in Sources */ = {isa = PBXBuildFile; fileRef = 28452E7C24E0BF6B001A1E8F /* AppDelegate.swift */; };
		28452E7F24E0BF6B001A1E8F /* SceneDelegate.swift in Sources */ = {isa = PBXBuildFile; fileRef = 28452E7E24E0BF6B001A1E8F /* SceneDelegate.swift */; };
		28452E8124E0BF6B001A1E8F /* MainViewController.swift in Sources */ = {isa = PBXBuildFile; fileRef = 28452E8024E0BF6B001A1E8F /* MainViewController.swift */; };
		28452E8424E0BF6B001A1E8F /* Main.storyboard in Resources */ = {isa = PBXBuildFile; fileRef = 28452E8224E0BF6B001A1E8F /* Main.storyboard */; };
		28452E8624E0BF6E001A1E8F /* Assets.xcassets in Resources */ = {isa = PBXBuildFile; fileRef = 28452E8524E0BF6E001A1E8F /* Assets.xcassets */; };
		28452E8924E0BF6E001A1E8F /* LaunchScreen.storyboard in Resources */ = {isa = PBXBuildFile; fileRef = 28452E8724E0BF6E001A1E8F /* LaunchScreen.storyboard */; };
		28452E9224E0C23D001A1E8F /* XibView.xib in Resources */ = {isa = PBXBuildFile; fileRef = 28452E9124E0C23D001A1E8F /* XibView.xib */; };
		28452E9424E0C252001A1E8F /* XibView.swift in Sources */ = {isa = PBXBuildFile; fileRef = 28452E9324E0C252001A1E8F /* XibView.swift */; };
		28452E9824E0CF6A001A1E8F /* First.storyboard in Resources */ = {isa = PBXBuildFile; fileRef = 28452E9724E0CF6A001A1E8F /* First.storyboard */; };
/* End PBXBuildFile section */

/* Begin PBXFileReference section */
		28452E7924E0BF6B001A1E8F /* Practice_XibView.app */ = {isa = PBXFileReference; explicitFileType = wrapper.application; includeInIndex = 0; path = Practice_XibView.app; sourceTree = BUILT_PRODUCTS_DIR; };
		28452E7C24E0BF6B001A1E8F /* AppDelegate.swift */ = {isa = PBXFileReference; lastKnownFileType = sourcecode.swift; path = AppDelegate.swift; sourceTree = "<group>"; };
		28452E7E24E0BF6B001A1E8F /* SceneDelegate.swift */ = {isa = PBXFileReference; lastKnownFileType = sourcecode.swift; path = SceneDelegate.swift; sourceTree = "<group>"; };
		28452E8024E0BF6B001A1E8F /* MainViewController.swift */ = {isa = PBXFileReference; lastKnownFileType = sourcecode.swift; path = MainViewController.swift; sourceTree = "<group>"; };
		28452E8324E0BF6B001A1E8F /* Base */ = {isa = PBXFileReference; lastKnownFileType = file.storyboard; name = Base; path = Base.lproj/Main.storyboard; sourceTree = "<group>"; };
		28452E8524E0BF6E001A1E8F /* Assets.xcassets */ = {isa = PBXFileReference; lastKnownFileType = folder.assetcatalog; path = Assets.xcassets; sourceTree = "<group>"; };
		28452E8824E0BF6E001A1E8F /* Base */ = {isa = PBXFileReference; lastKnownFileType = file.storyboard; name = Base; path = Base.lproj/LaunchScreen.storyboard; sourceTree = "<group>"; };
		28452E8A24E0BF6E001A1E8F /* Info.plist */ = {isa = PBXFileReference; lastKnownFileType = text.plist.xml; path = Info.plist; sourceTree = "<group>"; };
		28452E9124E0C23D001A1E8F /* XibView.xib */ = {isa = PBXFileReference; lastKnownFileType = file.xib; path = XibView.xib; sourceTree = "<group>"; };
		28452E9324E0C252001A1E8F /* XibView.swift */ = {isa = PBXFileReference; lastKnownFileType = sourcecode.swift; path = XibView.swift; sourceTree = "<group>"; };
		28452E9724E0CF6A001A1E8F /* First.storyboard */ = {isa = PBXFileReference; lastKnownFileType = file.storyboard; path = First.storyboard; sourceTree = "<group>"; };
/* End PBXFileReference section */

/* Begin PBXFrameworksBuildPhase section */
		28452E7624E0BF6B001A1E8F /* Frameworks */ = {
			isa = PBXFrameworksBuildPhase;
			buildActionMask = 2147483647;
			files = (
			);
			runOnlyForDeploymentPostprocessing = 0;
		};
/* End PBXFrameworksBuildPhase section */

/* Begin PBXGroup section */
		28452E7024E0BF6B001A1E8F = {
			isa = PBXGroup;
			children = (
				28452E7B24E0BF6B001A1E8F /* Practice_XibView */,
				28452E7A24E0BF6B001A1E8F /* Products */,
			);
			sourceTree = "<group>";
		};
		28452E7A24E0BF6B001A1E8F /* Products */ = {
			isa = PBXGroup;
			children = (
				28452E7924E0BF6B001A1E8F /* Practice_XibView.app */,
			);
			name = Products;
			sourceTree = "<group>";
		};
		28452E7B24E0BF6B001A1E8F /* Practice_XibView */ = {
			isa = PBXGroup;
			children = (
				28452E9924E0D0B0001A1E8F /* XibViews */,
				28452E9024E0C0D0001A1E8F /* ViewControllers */,
				28452E7C24E0BF6B001A1E8F /* AppDelegate.swift */,
				28452E7E24E0BF6B001A1E8F /* SceneDelegate.swift */,
				28452E8024E0BF6B001A1E8F /* MainViewController.swift */,
				28452E8224E0BF6B001A1E8F /* Main.storyboard */,
				28452E8524E0BF6E001A1E8F /* Assets.xcassets */,
				28452E8724E0BF6E001A1E8F /* LaunchScreen.storyboard */,
				28452E8A24E0BF6E001A1E8F /* Info.plist */,
			);
			path = Practice_XibView;
			sourceTree = "<group>";
		};
		28452E9024E0C0D0001A1E8F /* ViewControllers */ = {
			isa = PBXGroup;
			children = (
				28452E9724E0CF6A001A1E8F /* First.storyboard */,
			);
			path = ViewControllers;
			sourceTree = "<group>";
		};
		28452E9924E0D0B0001A1E8F /* XibViews */ = {
			isa = PBXGroup;
			children = (
				28452E9124E0C23D001A1E8F /* XibView.xib */,
				28452E9324E0C252001A1E8F /* XibView.swift */,
			);
			path = XibViews;
			sourceTree = "<group>";
		};
/* End PBXGroup section */

/* Begin PBXNativeTarget section */
		28452E7824E0BF6B001A1E8F /* Practice_XibView */ = {
			isa = PBXNativeTarget;
			buildConfigurationList = 28452E8D24E0BF6E001A1E8F /* Build configuration list for PBXNativeTarget "Practice_XibView" */;
			buildPhases = (
				28452E7524E0BF6B001A1E8F /* Sources */,
				28452E7624E0BF6B001A1E8F /* Frameworks */,
				28452E7724E0BF6B001A1E8F /* Resources */,
			);
			buildRules = (
			);
			dependencies = (
			);
			name = Practice_XibView;
			productName = Practice_XibView;
			productReference = 28452E7924E0BF6B001A1E8F /* Practice_XibView.app */;
			productType = "com.apple.product-type.application";
		};
/* End PBXNativeTarget section */

/* Begin PBXProject section */
		28452E7124E0BF6B001A1E8F /* Project object */ = {
			isa = PBXProject;
			attributes = {
				LastSwiftUpdateCheck = 1150;
				LastUpgradeCheck = 1150;
				ORGANIZATIONNAME = m_rn;
				TargetAttributes = {
					28452E7824E0BF6B001A1E8F = {
						CreatedOnToolsVersion = 11.5;
					};
				};
			};
			buildConfigurationList = 28452E7424E0BF6B001A1E8F /* Build configuration list for PBXProject "Practice_XibView" */;
			compatibilityVersion = "Xcode 9.3";
			developmentRegion = en;
			hasScannedForEncodings = 0;
			knownRegions = (
				en,
				Base,
			);
			mainGroup = 28452E7024E0BF6B001A1E8F;
			productRefGroup = 28452E7A24E0BF6B001A1E8F /* Products */;
			projectDirPath = "";
			projectRoot = "";
			targets = (
				28452E7824E0BF6B001A1E8F /* Practice_XibView */,
			);
		};
/* End PBXProject section */

/* Begin PBXResourcesBuildPhase section */
		28452E7724E0BF6B001A1E8F /* Resources */ = {
			isa = PBXResourcesBuildPhase;
			buildActionMask = 2147483647;
			files = (
				28452E8924E0BF6E001A1E8F /* LaunchScreen.storyboard in Resources */,
				28452E8624E0BF6E001A1E8F /* Assets.xcassets in Resources */,
				28452E9224E0C23D001A1E8F /* XibView.xib in Resources */,
				28452E8424E0BF6B001A1E8F /* Main.storyboard in Resources */,
				28452E9824E0CF6A001A1E8F /* First.storyboard in Resources */,
			);
			runOnlyForDeploymentPostprocessing = 0;
		};
/* End PBXResourcesBuildPhase section */

/* Begin PBXSourcesBuildPhase section */
		28452E7524E0BF6B001A1E8F /* Sources */ = {
			isa = PBXSourcesBuildPhase;
			buildActionMask = 2147483647;
			files = (
				28452E8124E0BF6B001A1E8F /* MainViewController.swift in Sources */,
				28452E7D24E0BF6B001A1E8F /* AppDelegate.swift in Sources */,
				28452E9424E0C252001A1E8F /* XibView.swift in Sources */,
				28452E7F24E0BF6B001A1E8F /* SceneDelegate.swift in Sources */,
			);
			runOnlyForDeploymentPostprocessing = 0;
		};
/* End PBXSourcesBuildPhase section */

/* Begin PBXVariantGroup section */
		28452E8224E0BF6B001A1E8F /* Main.storyboard */ = {
			isa = PBXVariantGroup;
			children = (
				28452E8324E0BF6B001A1E8F /* Base */,
			);
			name = Main.storyboard;
			sourceTree = "<group>";
		};
		28452E8724E0BF6E001A1E8F /* LaunchScreen.storyboard */ = {
			isa = PBXVariantGroup;
			children = (
				28452E8824E0BF6E001A1E8F /* Base */,
			);
			name = LaunchScreen.storyboard;
			sourceTree = "<group>";
		};
/* End PBXVariantGroup section */

/* Begin XCBuildConfiguration section */
		28452E8B24E0BF6E001A1E8F /* Debug */ = {
			isa = XCBuildConfiguration;
			buildSettings = {
				ALWAYS_SEARCH_USER_PATHS = NO;
				CLANG_ANALYZER_NONNULL = YES;
				CLANG_ANALYZER_NUMBER_OBJECT_CONVERSION = YES_AGGRESSIVE;
				CLANG_CXX_LANGUAGE_STANDARD = "gnu++14";
				CLANG_CXX_LIBRARY = "libc++";
				CLANG_ENABLE_MODULES = YES;
				CLANG_ENABLE_OBJC_ARC = YES;
				CLANG_ENABLE_OBJC_WEAK = YES;
				CLANG_WARN_BLOCK_CAPTURE_AUTORELEASING = YES;
				CLANG_WARN_BOOL_CONVERSION = YES;
				CLANG_WARN_COMMA = YES;
				CLANG_WARN_CONSTANT_CONVERSION = YES;
				CLANG_WARN_DEPRECATED_OBJC_IMPLEMENTATIONS = YES;
				CLANG_WARN_DIRECT_OBJC_ISA_USAGE = YES_ERROR;
				CLANG_WARN_DOCUMENTATION_COMMENTS = YES;
				CLANG_WARN_EMPTY_BODY = YES;
				CLANG_WARN_ENUM_CONVERSION = YES;
				CLANG_WARN_INFINITE_RECURSION = YES;
				CLANG_WARN_INT_CONVERSION = YES;
				CLANG_WARN_NON_LITERAL_NULL_CONVERSION = YES;
				CLANG_WARN_OBJC_IMPLICIT_RETAIN_SELF = YES;
				CLANG_WARN_OBJC_LITERAL_CONVERSION = YES;
				CLANG_WARN_OBJC_ROOT_CLASS = YES_ERROR;
				CLANG_WARN_RANGE_LOOP_ANALYSIS = YES;
				CLANG_WARN_STRICT_PROTOTYPES = YES;
				CLANG_WARN_SUSPICIOUS_MOVE = YES;
				CLANG_WARN_UNGUARDED_AVAILABILITY = YES_AGGRESSIVE;
				CLANG_WARN_UNREACHABLE_CODE = YES;
				CLANG_WARN__DUPLICATE_METHOD_MATCH = YES;
				COPY_PHASE_STRIP = NO;
				DEBUG_INFORMATION_FORMAT = dwarf;
				ENABLE_STRICT_OBJC_MSGSEND = YES;
				ENABLE_TESTABILITY = YES;
				GCC_C_LANGUAGE_STANDARD = gnu11;
				GCC_DYNAMIC_NO_PIC = NO;
				GCC_NO_COMMON_BLOCKS = YES;
				GCC_OPTIMIZATION_LEVEL = 0;
				GCC_PREPROCESSOR_DEFINITIONS = (
					"DEBUG=1",
					"$(inherited)",
				);
				GCC_WARN_64_TO_32_BIT_CONVERSION = YES;
				GCC_WARN_ABOUT_RETURN_TYPE = YES_ERROR;
				GCC_WARN_UNDECLARED_SELECTOR = YES;
				GCC_WARN_UNINITIALIZED_AUTOS = YES_AGGRESSIVE;
				GCC_WARN_UNUSED_FUNCTION = YES;
				GCC_WARN_UNUSED_VARIABLE = YES;
				IPHONEOS_DEPLOYMENT_TARGET = 13.5;
				MTL_ENABLE_DEBUG_INFO = INCLUDE_SOURCE;
				MTL_FAST_MATH = YES;
				ONLY_ACTIVE_ARCH = YES;
				SDKROOT = iphoneos;
				SWIFT_ACTIVE_COMPILATION_CONDITIONS = DEBUG;
				SWIFT_OPTIMIZATION_LEVEL = "-Onone";
			};
			name = Debug;
		};
		28452E8C24E0BF6E001A1E8F /* Release */ = {
			isa = XCBuildConfiguration;
			buildSettings = {
				ALWAYS_SEARCH_USER_PATHS = NO;
				CLANG_ANALYZER_NONNULL = YES;
				CLANG_ANALYZER_NUMBER_OBJECT_CONVERSION = YES_AGGRESSIVE;
				CLANG_CXX_LANGUAGE_STANDARD = "gnu++14";
				CLANG_CXX_LIBRARY = "libc++";
				CLANG_ENABLE_MODULES = YES;
				CLANG_ENABLE_OBJC_ARC = YES;
				CLANG_ENABLE_OBJC_WEAK = YES;
				CLANG_WARN_BLOCK_CAPTURE_AUTORELEASING = YES;
				CLANG_WARN_BOOL_CONVERSION = YES;
				CLANG_WARN_COMMA = YES;
				CLANG_WARN_CONSTANT_CONVERSION = YES;
				CLANG_WARN_DEPRECATED_OBJC_IMPLEMENTATIONS = YES;
				CLANG_WARN_DIRECT_OBJC_ISA_USAGE = YES_ERROR;
				CLANG_WARN_DOCUMENTATION_COMMENTS = YES;
				CLANG_WARN_EMPTY_BODY = YES;
				CLANG_WARN_ENUM_CONVERSION = YES;
				CLANG_WARN_INFINITE_RECURSION = YES;
				CLANG_WARN_INT_CONVERSION = YES;
				CLANG_WARN_NON_LITERAL_NULL_CONVERSION = YES;
				CLANG_WARN_OBJC_IMPLICIT_RETAIN_SELF = YES;
				CLANG_WARN_OBJC_LITERAL_CONVERSION = YES;
				CLANG_WARN_OBJC_ROOT_CLASS = YES_ERROR;
				CLANG_WARN_RANGE_LOOP_ANALYSIS = YES;
				CLANG_WARN_STRICT_PROTOTYPES = YES;
				CLANG_WARN_SUSPICIOUS_MOVE = YES;
				CLANG_WARN_UNGUARDED_AVAILABILITY = YES_AGGRESSIVE;
				CLANG_WARN_UNREACHABLE_CODE = YES;
				CLANG_WARN__DUPLICATE_METHOD_MATCH = YES;
				COPY_PHASE_STRIP = NO;
				DEBUG_INFORMATION_FORMAT = "dwarf-with-dsym";
				ENABLE_NS_ASSERTIONS = NO;
				ENABLE_STRICT_OBJC_MSGSEND = YES;
				GCC_C_LANGUAGE_STANDARD = gnu11;
				GCC_NO_COMMON_BLOCKS = YES;
				GCC_WARN_64_TO_32_BIT_CONVERSION = YES;
				GCC_WARN_ABOUT_RETURN_TYPE = YES_ERROR;
				GCC_WARN_UNDECLARED_SELECTOR = YES;
				GCC_WARN_UNINITIALIZED_AUTOS = YES_AGGRESSIVE;
				GCC_WARN_UNUSED_FUNCTION = YES;
				GCC_WARN_UNUSED_VARIABLE = YES;
				IPHONEOS_DEPLOYMENT_TARGET = 13.5;
				MTL_ENABLE_DEBUG_INFO = NO;
				MTL_FAST_MATH = YES;
				SDKROOT = iphoneos;
				SWIFT_COMPILATION_MODE = wholemodule;
				SWIFT_OPTIMIZATION_LEVEL = "-O";
				VALIDATE_PRODUCT = YES;
			};
			name = Release;
		};
		28452E8E24E0BF6E001A1E8F /* Debug */ = {
			isa = XCBuildConfiguration;
			buildSettings = {
				ASSETCATALOG_COMPILER_APPICON_NAME = AppIcon;
				CODE_SIGN_STYLE = Automatic;
				DEVELOPMENT_TEAM = D36U9R66JG;
				INFOPLIST_FILE = Practice_XibView/Info.plist;
				LD_RUNPATH_SEARCH_PATHS = (
					"$(inherited)",
					"@executable_path/Frameworks",
				);
				PRODUCT_BUNDLE_IDENTIFIER = "com.m-rn.Practice-XibView";
				PRODUCT_NAME = "$(TARGET_NAME)";
				SWIFT_VERSION = 5.0;
				TARGETED_DEVICE_FAMILY = "1,2";
			};
			name = Debug;
		};
		28452E8F24E0BF6E001A1E8F /* Release */ = {
			isa = XCBuildConfiguration;
			buildSettings = {
				ASSETCATALOG_COMPILER_APPICON_NAME = AppIcon;
				CODE_SIGN_STYLE = Automatic;
				DEVELOPMENT_TEAM = D36U9R66JG;
				INFOPLIST_FILE = Practice_XibView/Info.plist;
				LD_RUNPATH_SEARCH_PATHS = (
					"$(inherited)",
					"@executable_path/Frameworks",
				);
				PRODUCT_BUNDLE_IDENTIFIER = "com.m-rn.Practice-XibView";
				PRODUCT_NAME = "$(TARGET_NAME)";
				SWIFT_VERSION = 5.0;
				TARGETED_DEVICE_FAMILY = "1,2";
			};
			name = Release;
		};
/* End XCBuildConfiguration section */

/* Begin XCConfigurationList section */
		28452E7424E0BF6B001A1E8F /* Build configuration list for PBXProject "Practice_XibView" */ = {
			isa = XCConfigurationList;
			buildConfigurations = (
				28452E8B24E0BF6E001A1E8F /* Debug */,
				28452E8C24E0BF6E001A1E8F /* Release */,
			);
			defaultConfigurationIsVisible = 0;
			defaultConfigurationName = Release;
		};
		28452E8D24E0BF6E001A1E8F /* Build configuration list for PBXNativeTarget "Practice_XibView" */ = {
			isa = XCConfigurationList;
			buildConfigurations = (
				28452E8E24E0BF6E001A1E8F /* Debug */,
				28452E8F24E0BF6E001A1E8F /* Release */,
			);
			defaultConfigurationIsVisible = 0;
			defaultConfigurationName = Release;
		};
/* End XCConfigurationList section */
	};
	rootObject = 28452E7124E0BF6B001A1E8F /* Project object */;
}
